
Microsoft Visual Studio Solution File, Format Version 12.00
# Visual Studio Version 17
VisualStudioVersion = 17.1.32414.318
MinimumVisualStudioVersion = 10.0.40219.1
Project("{FAE04EC0-301F-11D3-BF4B-00C04F79EFBC}") = "WAREHOUSE", "WAREHOUSE.csproj", "{AB0606D1-0696-43F5-8565-B76570250409}"
EndProject
Global
	GlobalSection(SolutionConfigurationPlatforms) = preSolution
		Debug|Any CPU = Debug|Any CPU
		Release|Any CPU = Release|Any CPU
	EndGlobalSection
	GlobalSection(ProjectConfigurationPlatforms) = postSolution
		{AB0606D1-0696-43F5-8565-B76570250409}.Debug|Any CPU.ActiveCfg = Debug|Any CPU
		{AB0606D1-0696-43F5-8565-B76570250409}.Debug|Any CPU.Build.0 = Debug|Any CPU
		{AB0606D1-0696-43F5-8565-B76570250409}.Release|Any CPU.ActiveCfg = Release|Any CPU
		{AB0606D1-0696-43F5-8565-B76570250409}.Release|Any CPU.Build.0 = Release|Any CPU
	EndGlobalSection
	GlobalSection(SolutionProperties) = preSolution
		HideSolutionNode = FALSE
	EndGlobalSection
	GlobalSection(ExtensibilityGlobals) = postSolution
		SolutionGuid = {5EE1C445-64B7-4565-8B97-BD143DA9AE8D}
	EndGlobalSection
EndGlobal
